
Microsoft Visual Studio Solution File, Format Version 12.00
# Visual Studio Version 17
VisualStudioVersion = 17.7.34031.279
MinimumVisualStudioVersion = 10.0.40219.1
Project("{FAE04EC0-301F-11D3-BF4B-00C04F79EFBC}") = "Week6-StringsAndArrays", "Week6-StringsAndArrays\Week6-StringsAndArrays.csproj", "{B955A66B-15BE-4D36-B23A-A3B7441B3F00}"
EndProject
Project("{FAE04EC0-301F-11D3-BF4B-00C04F79EFBC}") = "Arrays", "Arrays\Arrays.csproj", "{5E930416-2F5E-467C-AB48-9D82DB828310}"
EndProject
Project("{FAE04EC0-301F-11D3-BF4B-00C04F79EFBC}") = "NumberArray", "NumberArray\NumberArray.csproj", "{85410055-03A2-45EB-B87A-88ED4E55AE16}"
EndProject
Project("{FAE04EC0-301F-11D3-BF4B-00C04F79EFBC}") = "RandomElement", "RandomElement\RandomElement.csproj", "{7EAC1F5A-65EC-4212-AB00-614794F45B6E}"
EndProject
Global
	GlobalSection(SolutionConfigurationPlatforms) = preSolution
		Debug|Any CPU = Debug|Any CPU
		Release|Any CPU = Release|Any CPU
	EndGlobalSection
	GlobalSection(ProjectConfigurationPlatforms) = postSolution
		{B955A66B-15BE-4D36-B23A-A3B7441B3F00}.Debug|Any CPU.ActiveCfg = Debug|Any CPU
		{B955A66B-15BE-4D36-B23A-A3B7441B3F00}.Debug|Any CPU.Build.0 = Debug|Any CPU
		{B955A66B-15BE-4D36-B23A-A3B7441B3F00}.Release|Any CPU.ActiveCfg = Release|Any CPU
		{B955A66B-15BE-4D36-B23A-A3B7441B3F00}.Release|Any CPU.Build.0 = Release|Any CPU
		{5E930416-2F5E-467C-AB48-9D82DB828310}.Debug|Any CPU.ActiveCfg = Debug|Any CPU
		{5E930416-2F5E-467C-AB48-9D82DB828310}.Debug|Any CPU.Build.0 = Debug|Any CPU
		{5E930416-2F5E-467C-AB48-9D82DB828310}.Release|Any CPU.ActiveCfg = Release|Any CPU
		{5E930416-2F5E-467C-AB48-9D82DB828310}.Release|Any CPU.Build.0 = Release|Any CPU
		{85410055-03A2-45EB-B87A-88ED4E55AE16}.Debug|Any CPU.ActiveCfg = Debug|Any CPU
		{85410055-03A2-45EB-B87A-88ED4E55AE16}.Debug|Any CPU.Build.0 = Debug|Any CPU
		{85410055-03A2-45EB-B87A-88ED4E55AE16}.Release|Any CPU.ActiveCfg = Release|Any CPU
		{85410055-03A2-45EB-B87A-88ED4E55AE16}.Release|Any CPU.Build.0 = Release|Any CPU
		{7EAC1F5A-65EC-4212-AB00-614794F45B6E}.Debug|Any CPU.ActiveCfg = Debug|Any CPU
		{7EAC1F5A-65EC-4212-AB00-614794F45B6E}.Debug|Any CPU.Build.0 = Debug|Any CPU
		{7EAC1F5A-65EC-4212-AB00-614794F45B6E}.Release|Any CPU.ActiveCfg = Release|Any CPU
		{7EAC1F5A-65EC-4212-AB00-614794F45B6E}.Release|Any CPU.Build.0 = Release|Any CPU
	EndGlobalSection
	GlobalSection(SolutionProperties) = preSolution
		HideSolutionNode = FALSE
	EndGlobalSection
	GlobalSection(ExtensibilityGlobals) = postSolution
		SolutionGuid = {2836C19F-C5F8-4508-81AF-23C827082EA9}
	EndGlobalSection
EndGlobal
